
Microsoft Visual Studio Solution File, Format Version 12.00
# Visual Studio Version 17
VisualStudioVersion = 17.7.34221.43
MinimumVisualStudioVersion = 10.0.40219.1
Project("{FAE04EC0-301F-11D3-BF4B-00C04F79EFBC}") = "CinemaAppConsola", "CinemaAppConsola\CinemaAppConsola.csproj", "{84003DB4-ECF0-4F16-AEF6-1E109D4E0C5D}"
EndProject
Global
	GlobalSection(SolutionConfigurationPlatforms) = preSolution
		Debug|Any CPU = Debug|Any CPU
		Release|Any CPU = Release|Any CPU
	EndGlobalSection
	GlobalSection(ProjectConfigurationPlatforms) = postSolution
		{84003DB4-ECF0-4F16-AEF6-1E109D4E0C5D}.Debug|Any CPU.ActiveCfg = Debug|Any CPU
		{84003DB4-ECF0-4F16-AEF6-1E109D4E0C5D}.Debug|Any CPU.Build.0 = Debug|Any CPU
		{84003DB4-ECF0-4F16-AEF6-1E109D4E0C5D}.Release|Any CPU.ActiveCfg = Release|Any CPU
		{84003DB4-ECF0-4F16-AEF6-1E109D4E0C5D}.Release|Any CPU.Build.0 = Release|Any CPU
	EndGlobalSection
	GlobalSection(SolutionProperties) = preSolution
		HideSolutionNode = FALSE
	EndGlobalSection
	GlobalSection(ExtensibilityGlobals) = postSolution
		SolutionGuid = {B9E0555C-5C71-4853-A557-4D8DBE75063F}
	EndGlobalSection
EndGlobal
